
Microsoft Visual Studio Solution File, Format Version 12.00
# Visual Studio Version 16
VisualStudioVersion = 16.0.30406.217
MinimumVisualStudioVersion = 10.0.40219.1
Project("{FAE04EC0-301F-11D3-BF4B-00C04F79EFBC}") = "SucharGame", "SucharGame\SucharGame.csproj", "{5CD2FCCC-A358-4B35-A9D0-4D911E1976E4}"
EndProject
Global
	GlobalSection(SolutionConfigurationPlatforms) = preSolution
		Debug|Any CPU = Debug|Any CPU
		Release|Any CPU = Release|Any CPU
	EndGlobalSection
	GlobalSection(ProjectConfigurationPlatforms) = postSolution
		{5CD2FCCC-A358-4B35-A9D0-4D911E1976E4}.Debug|Any CPU.ActiveCfg = Debug|Any CPU
		{5CD2FCCC-A358-4B35-A9D0-4D911E1976E4}.Debug|Any CPU.Build.0 = Debug|Any CPU
		{5CD2FCCC-A358-4B35-A9D0-4D911E1976E4}.Release|Any CPU.ActiveCfg = Release|Any CPU
		{5CD2FCCC-A358-4B35-A9D0-4D911E1976E4}.Release|Any CPU.Build.0 = Release|Any CPU
	EndGlobalSection
	GlobalSection(SolutionProperties) = preSolution
		HideSolutionNode = FALSE
	EndGlobalSection
	GlobalSection(ExtensibilityGlobals) = postSolution
		SolutionGuid = {1EF7EA9D-2D05-4E2C-8341-783E6EE0F506}
	EndGlobalSection
EndGlobal
